
Microsoft Visual Studio Solution File, Format Version 12.00
# Visual Studio Version 16
VisualStudioVersion = 16.0.29728.190
MinimumVisualStudioVersion = 10.0.40219.1
Project("{FAE04EC0-301F-11D3-BF4B-00C04F79EFBC}") = "MultiFactor.IIS.Adapter", "MultiFactor.IIS.Adapter.csproj", "{AE0868F6-910F-4CA4-AC54-F33667CA8A43}"
EndProject
Global
	GlobalSection(SolutionConfigurationPlatforms) = preSolution
		Debug|Any CPU = Debug|Any CPU
		Release|Any CPU = Release|Any CPU
	EndGlobalSection
	GlobalSection(ProjectConfigurationPlatforms) = postSolution
		{AE0868F6-910F-4CA4-AC54-F33667CA8A43}.Debug|Any CPU.ActiveCfg = Debug|Any CPU
		{AE0868F6-910F-4CA4-AC54-F33667CA8A43}.Debug|Any CPU.Build.0 = Debug|Any CPU
		{AE0868F6-910F-4CA4-AC54-F33667CA8A43}.Release|Any CPU.ActiveCfg = Release|Any CPU
		{AE0868F6-910F-4CA4-AC54-F33667CA8A43}.Release|Any CPU.Build.0 = Release|Any CPU
	EndGlobalSection
	GlobalSection(SolutionProperties) = preSolution
		HideSolutionNode = FALSE
	EndGlobalSection
	GlobalSection(ExtensibilityGlobals) = postSolution
		SolutionGuid = {66DEB382-CE4E-48AD-87E2-E44FBBBD61BD}
	EndGlobalSection
EndGlobal
